// !$*UTF8*$!
{
	archiveVersion = 1;
	classes = {
	};
	objectVersion = 50;
	objects = {

/* Begin PBXBuildFile section */
		DCF2876E233C416500F541FC /* AppDelegate.swift in Sources */ = {isa = PBXBuildFile; fileRef = DCF2876D233C416500F541FC /* AppDelegate.swift */; };
		DCF28770233C416500F541FC /* SceneDelegate.swift in Sources */ = {isa = PBXBuildFile; fileRef = DCF2876F233C416500F541FC /* SceneDelegate.swift */; };
		DCF28772233C416500F541FC /* ContentView.swift in Sources */ = {isa = PBXBuildFile; fileRef = DCF28771233C416500F541FC /* ContentView.swift */; };
		DCF28774233C416600F541FC /* Assets.xcassets in Resources */ = {isa = PBXBuildFile; fileRef = DCF28773233C416600F541FC /* Assets.xcassets */; };
		DCF28777233C416600F541FC /* Preview Assets.xcassets in Resources */ = {isa = PBXBuildFile; fileRef = DCF28776233C416600F541FC /* Preview Assets.xcassets */; };
		DCF2877A233C416600F541FC /* LaunchScreen.storyboard in Resources */ = {isa = PBXBuildFile; fileRef = DCF28778233C416600F541FC /* LaunchScreen.storyboard */; };
		DCF28783233C418600F541FC /* Database.xcdatamodeld in Sources */ = {isa = PBXBuildFile; fileRef = DCF28781233C418600F541FC /* Database.xcdatamodeld */; };
		DCF28785233C422D00F541FC /* AppStore.swift in Sources */ = {isa = PBXBuildFile; fileRef = DCF28784233C422D00F541FC /* AppStore.swift */; };
/* End PBXBuildFile section */

/* Begin PBXFileReference section */
		DCF2876A233C416500F541FC /* swiftui-coredata.app */ = {isa = PBXFileReference; explicitFileType = wrapper.application; includeInIndex = 0; path = "swiftui-coredata.app"; sourceTree = BUILT_PRODUCTS_DIR; };
		DCF2876D233C416500F541FC /* AppDelegate.swift */ = {isa = PBXFileReference; lastKnownFileType = sourcecode.swift; path = AppDelegate.swift; sourceTree = "<group>"; };
		DCF2876F233C416500F541FC /* SceneDelegate.swift */ = {isa = PBXFileReference; lastKnownFileType = sourcecode.swift; path = SceneDelegate.swift; sourceTree = "<group>"; };
		DCF28771233C416500F541FC /* ContentView.swift */ = {isa = PBXFileReference; lastKnownFileType = sourcecode.swift; path = ContentView.swift; sourceTree = "<group>"; };
		DCF28773233C416600F541FC /* Assets.xcassets */ = {isa = PBXFileReference; lastKnownFileType = folder.assetcatalog; path = Assets.xcassets; sourceTree = "<group>"; };
		DCF28776233C416600F541FC /* Preview Assets.xcassets */ = {isa = PBXFileReference; lastKnownFileType = folder.assetcatalog; path = "Preview Assets.xcassets"; sourceTree = "<group>"; };
		DCF28779233C416600F541FC /* Base */ = {isa = PBXFileReference; lastKnownFileType = file.storyboard; name = Base; path = Base.lproj/LaunchScreen.storyboard; sourceTree = "<group>"; };
		DCF2877B233C416600F541FC /* Info.plist */ = {isa = PBXFileReference; lastKnownFileType = text.plist.xml; path = Info.plist; sourceTree = "<group>"; };
		DCF28782233C418600F541FC /* Database.xcdatamodel */ = {isa = PBXFileReference; lastKnownFileType = wrapper.xcdatamodel; path = Database.xcdatamodel; sourceTree = "<group>"; };
		DCF28784233C422D00F541FC /* AppStore.swift */ = {isa = PBXFileReference; lastKnownFileType = sourcecode.swift; path = AppStore.swift; sourceTree = "<group>"; };
/* End PBXFileReference section */

/* Begin PBXFrameworksBuildPhase section */
		DCF28767233C416500F541FC /* Frameworks */ = {
			isa = PBXFrameworksBuildPhase;
			buildActionMask = 2147483647;
			files = (
			);
			runOnlyForDeploymentPostprocessing = 0;
		};
/* End PBXFrameworksBuildPhase section */

/* Begin PBXGroup section */
		DCF28761233C416500F541FC = {
			isa = PBXGroup;
			children = (
				DCF2876C233C416500F541FC /* swiftui-coredata */,
				DCF2876B233C416500F541FC /* Products */,
			);
			sourceTree = "<group>";
		};
		DCF2876B233C416500F541FC /* Products */ = {
			isa = PBXGroup;
			children = (
				DCF2876A233C416500F541FC /* swiftui-coredata.app */,
			);
			name = Products;
			sourceTree = "<group>";
		};
		DCF2876C233C416500F541FC /* swiftui-coredata */ = {
			isa = PBXGroup;
			children = (
				DCF2876D233C416500F541FC /* AppDelegate.swift */,
				DCF2876F233C416500F541FC /* SceneDelegate.swift */,
				DCF28771233C416500F541FC /* ContentView.swift */,
				DCF28773233C416600F541FC /* Assets.xcassets */,
				DCF28778233C416600F541FC /* LaunchScreen.storyboard */,
				DCF2877B233C416600F541FC /* Info.plist */,
				DCF28775233C416600F541FC /* Preview Content */,
				DCF28781233C418600F541FC /* Database.xcdatamodeld */,
				DCF28784233C422D00F541FC /* AppStore.swift */,
			);
			path = "swiftui-coredata";
			sourceTree = "<group>";
		};
		DCF28775233C416600F541FC /* Preview Content */ = {
			isa = PBXGroup;
			children = (
				DCF28776233C416600F541FC /* Preview Assets.xcassets */,
			);
			path = "Preview Content";
			sourceTree = "<group>";
		};
/* End PBXGroup section */

/* Begin PBXNativeTarget section */
		DCF28769233C416500F541FC /* swiftui-coredata */ = {
			isa = PBXNativeTarget;
			buildConfigurationList = DCF2877E233C416600F541FC /* Build configuration list for PBXNativeTarget "swiftui-coredata" */;
			buildPhases = (
				DCF28766233C416500F541FC /* Sources */,
				DCF28767233C416500F541FC /* Frameworks */,
				DCF28768233C416500F541FC /* Resources */,
			);
			buildRules = (
			);
			dependencies = (
			);
			name = "swiftui-coredata";
			productName = "swiftui-coredata";
			productReference = DCF2876A233C416500F541FC /* swiftui-coredata.app */;
			productType = "com.apple.product-type.application";
		};
/* End PBXNativeTarget section */

/* Begin PBXProject section */
		DCF28762233C416500F541FC /* Project object */ = {
			isa = PBXProject;
			attributes = {
				LastSwiftUpdateCheck = 1100;
				LastUpgradeCheck = 1100;
				ORGANIZATIONNAME = "Rod Landaeta";
				TargetAttributes = {
					DCF28769233C416500F541FC = {
						CreatedOnToolsVersion = 11.0;
					};
				};
			};
			buildConfigurationList = DCF28765233C416500F541FC /* Build configuration list for PBXProject "swiftui-coredata" */;
			compatibilityVersion = "Xcode 9.3";
			developmentRegion = en;
			hasScannedForEncodings = 0;
			knownRegions = (
				en,
				Base,
			);
			mainGroup = DCF28761233C416500F541FC;
			productRefGroup = DCF2876B233C416500F541FC /* Products */;
			projectDirPath = "";
			projectRoot = "";
			targets = (
				DCF28769233C416500F541FC /* swiftui-coredata */,
			);
		};
/* End PBXProject section */

/* Begin PBXResourcesBuildPhase section */
		DCF28768233C416500F541FC /* Resources */ = {
			isa = PBXResourcesBuildPhase;
			buildActionMask = 2147483647;
			files = (
				DCF2877A233C416600F541FC /* LaunchScreen.storyboard in Resources */,
				DCF28777233C416600F541FC /* Preview Assets.xcassets in Resources */,
				DCF28774233C416600F541FC /* Assets.xcassets in Resources */,
			);
			runOnlyForDeploymentPostprocessing = 0;
		};
/* End PBXResourcesBuildPhase section */

/* Begin PBXSourcesBuildPhase section */
		DCF28766233C416500F541FC /* Sources */ = {
			isa = PBXSourcesBuildPhase;
			buildActionMask = 2147483647;
			files = (
				DCF2876E233C416500F541FC /* AppDelegate.swift in Sources */,
				DCF28785233C422D00F541FC /* AppStore.swift in Sources */,
				DCF28770233C416500F541FC /* SceneDelegate.swift in Sources */,
				DCF28783233C418600F541FC /* Database.xcdatamodeld in Sources */,
				DCF28772233C416500F541FC /* ContentView.swift in Sources */,
			);
			runOnlyForDeploymentPostprocessing = 0;
		};
/* End PBXSourcesBuildPhase section */

/* Begin PBXVariantGroup section */
		DCF28778233C416600F541FC /* LaunchScreen.storyboard */ = {
			isa = PBXVariantGroup;
			children = (
				DCF28779233C416600F541FC /* Base */,
			);
			name = LaunchScreen.storyboard;
			sourceTree = "<group>";
		};
/* End PBXVariantGroup section */

/* Begin XCBuildConfiguration section */
		DCF2877C233C416600F541FC /* Debug */ = {
			isa = XCBuildConfiguration;
			buildSettings = {
				ALWAYS_SEARCH_USER_PATHS = NO;
				CLANG_ANALYZER_NONNULL = YES;
				CLANG_ANALYZER_NUMBER_OBJECT_CONVERSION = YES_AGGRESSIVE;
				CLANG_CXX_LANGUAGE_STANDARD = "gnu++14";
				CLANG_CXX_LIBRARY = "libc++";
				CLANG_ENABLE_MODULES = YES;
				CLANG_ENABLE_OBJC_ARC = YES;
				CLANG_ENABLE_OBJC_WEAK = YES;
				CLANG_WARN_BLOCK_CAPTURE_AUTORELEASING = YES;
				CLANG_WARN_BOOL_CONVERSION = YES;
				CLANG_WARN_COMMA = YES;
				CLANG_WARN_CONSTANT_CONVERSION = YES;
				CLANG_WARN_DEPRECATED_OBJC_IMPLEMENTATIONS = YES;
				CLANG_WARN_DIRECT_OBJC_ISA_USAGE = YES_ERROR;
				CLANG_WARN_DOCUMENTATION_COMMENTS = YES;
				CLANG_WARN_EMPTY_BODY = YES;
				CLANG_WARN_ENUM_CONVERSION = YES;
				CLANG_WARN_INFINITE_RECURSION = YES;
				CLANG_WARN_INT_CONVERSION = YES;
				CLANG_WARN_NON_LITERAL_NULL_CONVERSION = YES;
				CLANG_WARN_OBJC_IMPLICIT_RETAIN_SELF = YES;
				CLANG_WARN_OBJC_LITERAL_CONVERSION = YES;
				CLANG_WARN_OBJC_ROOT_CLASS = YES_ERROR;
				CLANG_WARN_RANGE_LOOP_ANALYSIS = YES;
				CLANG_WARN_STRICT_PROTOTYPES = YES;
				CLANG_WARN_SUSPICIOUS_MOVE = YES;
				CLANG_WARN_UNGUARDED_AVAILABILITY = YES_AGGRESSIVE;
				CLANG_WARN_UNREACHABLE_CODE = YES;
				CLANG_WARN__DUPLICATE_METHOD_MATCH = YES;
				COPY_PHASE_STRIP = NO;
				DEBUG_INFORMATION_FORMAT = dwarf;
				ENABLE_STRICT_OBJC_MSGSEND = YES;
				ENABLE_TESTABILITY = YES;
				GCC_C_LANGUAGE_STANDARD = gnu11;
				GCC_DYNAMIC_NO_PIC = NO;
				GCC_NO_COMMON_BLOCKS = YES;
				GCC_OPTIMIZATION_LEVEL = 0;
				GCC_PREPROCESSOR_DEFINITIONS = (
					"DEBUG=1",
					"$(inherited)",
				);
				GCC_WARN_64_TO_32_BIT_CONVERSION = YES;
				GCC_WARN_ABOUT_RETURN_TYPE = YES_ERROR;
				GCC_WARN_UNDECLARED_SELECTOR = YES;
				GCC_WARN_UNINITIALIZED_AUTOS = YES_AGGRESSIVE;
				GCC_WARN_UNUSED_FUNCTION = YES;
				GCC_WARN_UNUSED_VARIABLE = YES;
				IPHONEOS_DEPLOYMENT_TARGET = 13.0;
				MTL_ENABLE_DEBUG_INFO = INCLUDE_SOURCE;
				MTL_FAST_MATH = YES;
				ONLY_ACTIVE_ARCH = YES;
				SDKROOT = iphoneos;
				SWIFT_ACTIVE_COMPILATION_CONDITIONS = DEBUG;
				SWIFT_OPTIMIZATION_LEVEL = "-Onone";
			};
			name = Debug;
		};
		DCF2877D233C416600F541FC /* Release */ = {
			isa = XCBuildConfiguration;
			buildSettings = {
				ALWAYS_SEARCH_USER_PATHS = NO;
				CLANG_ANALYZER_NONNULL = YES;
				CLANG_ANALYZER_NUMBER_OBJECT_CONVERSION = YES_AGGRESSIVE;
				CLANG_CXX_LANGUAGE_STANDARD = "gnu++14";
				CLANG_CXX_LIBRARY = "libc++";
				CLANG_ENABLE_MODULES = YES;
				CLANG_ENABLE_OBJC_ARC = YES;
				CLANG_ENABLE_OBJC_WEAK = YES;
				CLANG_WARN_BLOCK_CAPTURE_AUTORELEASING = YES;
				CLANG_WARN_BOOL_CONVERSION = YES;
				CLANG_WARN_COMMA = YES;
				CLANG_WARN_CONSTANT_CONVERSION = YES;
				CLANG_WARN_DEPRECATED_OBJC_IMPLEMENTATIONS = YES;
				CLANG_WARN_DIRECT_OBJC_ISA_USAGE = YES_ERROR;
				CLANG_WARN_DOCUMENTATION_COMMENTS = YES;
				CLANG_WARN_EMPTY_BODY = YES;
				CLANG_WARN_ENUM_CONVERSION = YES;
				CLANG_WARN_INFINITE_RECURSION = YES;
				CLANG_WARN_INT_CONVERSION = YES;
				CLANG_WARN_NON_LITERAL_NULL_CONVERSION = YES;
				CLANG_WARN_OBJC_IMPLICIT_RETAIN_SELF = YES;
				CLANG_WARN_OBJC_LITERAL_CONVERSION = YES;
				CLANG_WARN_OBJC_ROOT_CLASS = YES_ERROR;
				CLANG_WARN_RANGE_LOOP_ANALYSIS = YES;
				CLANG_WARN_STRICT_PROTOTYPES = YES;
				CLANG_WARN_SUSPICIOUS_MOVE = YES;
				CLANG_WARN_UNGUARDED_AVAILABILITY = YES_AGGRESSIVE;
				CLANG_WARN_UNREACHABLE_CODE = YES;
				CLANG_WARN__DUPLICATE_METHOD_MATCH = YES;
				COPY_PHASE_STRIP = NO;
				DEBUG_INFORMATION_FORMAT = "dwarf-with-dsym";
				ENABLE_NS_ASSERTIONS = NO;
				ENABLE_STRICT_OBJC_MSGSEND = YES;
				GCC_C_LANGUAGE_STANDARD = gnu11;
				GCC_NO_COMMON_BLOCKS = YES;
				GCC_WARN_64_TO_32_BIT_CONVERSION = YES;
				GCC_WARN_ABOUT_RETURN_TYPE = YES_ERROR;
				GCC_WARN_UNDECLARED_SELECTOR = YES;
				GCC_WARN_UNINITIALIZED_AUTOS = YES_AGGRESSIVE;
				GCC_WARN_UNUSED_FUNCTION = YES;
				GCC_WARN_UNUSED_VARIABLE = YES;
				IPHONEOS_DEPLOYMENT_TARGET = 13.0;
				MTL_ENABLE_DEBUG_INFO = NO;
				MTL_FAST_MATH = YES;
				SDKROOT = iphoneos;
				SWIFT_COMPILATION_MODE = wholemodule;
				SWIFT_OPTIMIZATION_LEVEL = "-O";
				VALIDATE_PRODUCT = YES;
			};
			name = Release;
		};
		DCF2877F233C416600F541FC /* Debug */ = {
			isa = XCBuildConfiguration;
			buildSettings = {
				ASSETCATALOG_COMPILER_APPICON_NAME = AppIcon;
				CODE_SIGN_STYLE = Automatic;
				DEVELOPMENT_ASSET_PATHS = "\"swiftui-coredata/Preview Content\"";
				DEVELOPMENT_TEAM = EA7WUTXAK6;
				ENABLE_PREVIEWS = YES;
				INFOPLIST_FILE = "swiftui-coredata/Info.plist";
				LD_RUNPATH_SEARCH_PATHS = (
					"$(inherited)",
					"@executable_path/Frameworks",
				);
				PRODUCT_BUNDLE_IDENTIFIER = "org.rod.samples.swiftui-coredata";
				PRODUCT_NAME = "$(TARGET_NAME)";
				SWIFT_VERSION = 5.0;
				TARGETED_DEVICE_FAMILY = "1,2";
			};
			name = Debug;
		};
		DCF28780233C416600F541FC /* Release */ = {
			isa = XCBuildConfiguration;
			buildSettings = {
				ASSETCATALOG_COMPILER_APPICON_NAME = AppIcon;
				CODE_SIGN_STYLE = Automatic;
				DEVELOPMENT_ASSET_PATHS = "\"swiftui-coredata/Preview Content\"";
				DEVELOPMENT_TEAM = EA7WUTXAK6;
				ENABLE_PREVIEWS = YES;
				INFOPLIST_FILE = "swiftui-coredata/Info.plist";
				LD_RUNPATH_SEARCH_PATHS = (
					"$(inherited)",
					"@executable_path/Frameworks",
				);
				PRODUCT_BUNDLE_IDENTIFIER = "org.rod.samples.swiftui-coredata";
				PRODUCT_NAME = "$(TARGET_NAME)";
				SWIFT_VERSION = 5.0;
				TARGETED_DEVICE_FAMILY = "1,2";
			};
			name = Release;
		};
/* End XCBuildConfiguration section */

/* Begin XCConfigurationList section */
		DCF28765233C416500F541FC /* Build configuration list for PBXProject "swiftui-coredata" */ = {
			isa = XCConfigurationList;
			buildConfigurations = (
				DCF2877C233C416600F541FC /* Debug */,
				DCF2877D233C416600F541FC /* Release */,
			);
			defaultConfigurationIsVisible = 0;
			defaultConfigurationName = Release;
		};
		DCF2877E233C416600F541FC /* Build configuration list for PBXNativeTarget "swiftui-coredata" */ = {
			isa = XCConfigurationList;
			buildConfigurations = (
				DCF2877F233C416600F541FC /* Debug */,
				DCF28780233C416600F541FC /* Release */,
			);
			defaultConfigurationIsVisible = 0;
			defaultConfigurationName = Release;
		};
/* End XCConfigurationList section */

/* Begin XCVersionGroup section */
		DCF28781233C418600F541FC /* Database.xcdatamodeld */ = {
			isa = XCVersionGroup;
			children = (
				DCF28782233C418600F541FC /* Database.xcdatamodel */,
			);
			currentVersion = DCF28782233C418600F541FC /* Database.xcdatamodel */;
			path = Database.xcdatamodeld;
			sourceTree = "<group>";
			versionGroupType = wrapper.xcdatamodel;
		};
/* End XCVersionGroup section */
	};
	rootObject = DCF28762233C416500F541FC /* Project object */;
}
